{
  "version": 4,
  "terraform_version": "1.14.7",
  "serial": 5,
  "lineage": "a0e00f0b-6d50-68e5-83ef-7b168ec83387",
  "outputs": {
    "file_path": {
      "value": "hello.txt",
      "type": "string"
    }
  },
  "resources": [
    {
      "mode": "managed",
      "type": "local_file",
      "name": "hello",
      "provider": "provider[\"registry.terraform.io/hashicorp/local\"]",
      "instances": [
        {
          "schema_version": 0,
          "attributes": {
            "content": "Hello Updated Terraform",
            "content_base64": null,
            "content_base64sha256": "szM0NJvwxifkXG59dHoNBrP/yVWMuna85S5zHRD2Roc=",
            "content_base64sha512": "oIZh5KBNc7VLRmxNgEhFjMqv9huPJ1YBSQJ+lC8qh7Cseq4oXFOHDwkRQcPqH3wVD4KNqeJSsmLNOkKBXnP9AA==",
            "content_md5": "2cdb58b2b4c4b4c523f8bd291dc603c7",
            "content_sha1": "0572884e2c2c2a9ba1c3341397e9d7481b8e8f30",
            "content_sha256": "b33334349bf0c627e45c6e7d747a0d06b3ffc9558cba76bce52e731d10f64687",
            "content_sha512": "a08661e4a04d73b54b466c4d8048458ccaaff61b8f27560149027e942f2a87b0ac7aae285c53870f091141c3ea1f7c150f828da9e252b262cd3a42815e73fd00",
            "directory_permission": "0777",
            "file_permission": "0777",
            "filename": "hello.txt",
            "id": "0572884e2c2c2a9ba1c3341397e9d7481b8e8f30",
            "sensitive_content": null,
            "source": null
          },
          "sensitive_attributes": [
            [
              {
                "type": "get_attr",
                "value": "sensitive_content"
              }
            ]
          ],
          "identity_schema_version": 0
        }
      ]
    }
  ],
  "check_results": null
}
